{
  "version": 4,
  "terraform_version": "0.12.12",
  "serial": 8,
  "lineage": "769d01a3-f5e6-a894-083b-621b77f181d6",
  "outputs": {},
  "resources": [
    {
      "mode": "managed",
      "type": "aws_cloudwatch_event_rule",
      "name": "notebook-activity-monitor-trigger",
      "provider": "provider.aws",
      "instances": [
        {
          "schema_version": 0,
          "attributes": {
            "arn": "arn:aws:events:eu-west-1:916245739953:rule/notebook-activity-monitor-trigger",
            "description": "Stops running notebook instances",
            "event_pattern": null,
            "id": "notebook-activity-monitor-trigger",
            "is_enabled": true,
            "name": "notebook-activity-monitor-trigger",
            "name_prefix": null,
            "role_arn": "",
            "schedule_expression": "cron(0 21 * * ? *)",
            "tags": {}
          },
          "private": "eyJzY2hlbWFfdmVyc2lvbiI6IjAifQ=="
        }
      ]
    },
    {
      "mode": "managed",
      "type": "aws_cloudwatch_event_rule",
      "name": "tweet-collector-trigger",
      "provider": "provider.aws",
      "instances": [
        {
          "schema_version": 0,
          "attributes": {
            "arn": "arn:aws:events:eu-west-1:916245739953:rule/tweet-collector-trigger",
            "description": "Triggers tweet-collector function every hour",
            "event_pattern": null,
            "id": "tweet-collector-trigger",
            "is_enabled": true,
            "name": "tweet-collector-trigger",
            "name_prefix": null,
            "role_arn": "",
            "schedule_expression": "cron(0\t0/1\t?\t*\t*\t*)",
            "tags": {}
          },
          "private": "eyJzY2hlbWFfdmVyc2lvbiI6IjAifQ=="
        }
      ]
    },
    {
      "mode": "managed",
      "type": "aws_iam_role",
      "name": "notebook-activity-monitor-role",
      "provider": "provider.aws",
      "instances": [
        {
          "schema_version": 0,
          "attributes": {
            "arn": "arn:aws:iam::916245739953:role/service-role/notebook-activity-monitor-role-8v4m1pyc",
            "assume_role_policy": "{\"Version\":\"2012-10-17\",\"Statement\":[{\"Effect\":\"Allow\",\"Principal\":{\"Service\":\"lambda.amazonaws.com\"},\"Action\":\"sts:AssumeRole\"}]}",
            "create_date": "2019-10-24T09:11:32Z",
            "description": "",
            "force_detach_policies": false,
            "id": "notebook-activity-monitor-role-8v4m1pyc",
            "max_session_duration": 3600,
            "name": "notebook-activity-monitor-role-8v4m1pyc",
            "name_prefix": null,
            "path": "/service-role/",
            "permissions_boundary": null,
            "tags": {},
            "unique_id": "AROA5KVEAPGYXLX2WE3LF"
          },
          "private": "eyJzY2hlbWFfdmVyc2lvbiI6IjAifQ=="
        }
      ]
    },
    {
      "mode": "managed",
      "type": "aws_iam_role",
      "name": "tweet-collector-role",
      "provider": "provider.aws",
      "instances": [
        {
          "schema_version": 0,
          "attributes": {
            "arn": "arn:aws:iam::916245739953:role/service-role/tweet-collector-role-ucv89lpt",
            "assume_role_policy": "{\"Version\":\"2012-10-17\",\"Statement\":[{\"Effect\":\"Allow\",\"Principal\":{\"Service\":\"lambda.amazonaws.com\"},\"Action\":\"sts:AssumeRole\"}]}",
            "create_date": "2019-10-24T09:46:57Z",
            "description": "",
            "force_detach_policies": false,
            "id": "tweet-collector-role-ucv89lpt",
            "max_session_duration": 3600,
            "name": "tweet-collector-role-ucv89lpt",
            "name_prefix": null,
            "path": "/service-role/",
            "permissions_boundary": null,
            "tags": {},
            "unique_id": "AROA5KVEAPGYXNQXTOOHN"
          },
          "private": "eyJzY2hlbWFfdmVyc2lvbiI6IjAifQ=="
        }
      ]
    },
    {
      "mode": "managed",
      "type": "aws_lambda_function",
      "name": "notebook-activity-monitor",
      "provider": "provider.aws",
      "instances": [
        {
          "schema_version": 0,
          "attributes": {
            "arn": "arn:aws:lambda:eu-west-1:916245739953:function:notebook-activity-monitor",
            "dead_letter_config": [],
            "description": "",
            "environment": [],
            "filename": null,
            "function_name": "notebook-activity-monitor",
            "handler": "lambda_function.lambda_handler",
            "id": "notebook-activity-monitor",
            "invoke_arn": "arn:aws:apigateway:eu-west-1:lambda:path/2015-03-31/functions/arn:aws:lambda:eu-west-1:916245739953:function:notebook-activity-monitor/invocations",
            "kms_key_arn": "",
            "last_modified": "2019-10-24T09:42:15.927+0000",
            "layers": [],
            "memory_size": 128,
            "publish": null,
            "qualified_arn": "arn:aws:lambda:eu-west-1:916245739953:function:notebook-activity-monitor:$LATEST",
            "reserved_concurrent_executions": -1,
            "role": "arn:aws:iam::916245739953:role/service-role/notebook-activity-monitor-role-8v4m1pyc",
            "runtime": "python3.6",
            "s3_bucket": null,
            "s3_key": null,
            "s3_object_version": null,
            "source_code_hash": "49q9kjn9oCStT9m4pLo8S6MzMtlhJZ13U4fG1QIXqms=",
            "source_code_size": 367,
            "tags": {},
            "timeout": 3,
            "timeouts": {
              "create": null
            },
            "tracing_config": [
              {
                "mode": "PassThrough"
              }
            ],
            "version": "$LATEST",
            "vpc_config": []
          },
          "private": "eyJlMmJmYjczMC1lY2FhLTExZTYtOGY4OC0zNDM2M2JjN2M0YzAiOnsiY3JlYXRlIjo2MDAwMDAwMDAwMDB9LCJzY2hlbWFfdmVyc2lvbiI6IjAifQ=="
        }
      ]
    },
    {
      "mode": "managed",
      "type": "aws_lambda_function",
      "name": "tweet-collector",
      "provider": "provider.aws",
      "instances": [
        {
          "schema_version": 0,
          "attributes": {
            "arn": "arn:aws:lambda:eu-west-1:916245739953:function:tweet-collector",
            "dead_letter_config": [],
            "description": "",
            "environment": [
              {
                "variables": {
                  "tweepy_ACCESS_SECRET": "YIGI7drHS0WeehJtB60JjWxLFjzPTJ9fkbp7zZbxA0CHa",
                  "tweepy_ACCESS_TOKEN": "434059213-ZThQOr6nxAMMiV8RImlqIO4rmgtcIlWiAOrOf4JQ",
                  "tweepy_CONSUMER_KEY": "AbleQFvj6SsbFc7RtmUQTMR36",
                  "tweepy_CONSUMER_SECRET": "PBEw2PtmbeMyJ6hpmPI17jghZoB7jOvBdhtaDEhbhfbMZb6klj"
                }
              }
            ],
            "filename": null,
            "function_name": "tweet-collector",
            "handler": "lambda_function.lambda_handler",
            "id": "tweet-collector",
            "invoke_arn": "arn:aws:apigateway:eu-west-1:lambda:path/2015-03-31/functions/arn:aws:lambda:eu-west-1:916245739953:function:tweet-collector/invocations",
            "kms_key_arn": "",
            "last_modified": "2019-10-24T10:09:03.918+0000",
            "layers": [
              "arn:aws:lambda:eu-west-1:916245739953:layer:tweepy_layer:2",
              "arn:aws:lambda:eu-west-1:113088814899:layer:Klayers-python37-pandas:1"
            ],
            "memory_size": 128,
            "publish": null,
            "qualified_arn": "arn:aws:lambda:eu-west-1:916245739953:function:tweet-collector:$LATEST",
            "reserved_concurrent_executions": -1,
            "role": "arn:aws:iam::916245739953:role/service-role/tweet_scraper-role-lzcqklfa",
            "runtime": "python3.7",
            "s3_bucket": null,
            "s3_key": null,
            "s3_object_version": null,
            "source_code_hash": "kWURhJJGX/aMgUP/pCS9CaIsGaunpKCIxHVI951m1ZY=",
            "source_code_size": 1615,
            "tags": {},
            "timeout": 900,
            "timeouts": {
              "create": null
            },
            "tracing_config": [
              {
                "mode": "PassThrough"
              }
            ],
            "version": "$LATEST",
            "vpc_config": []
          },
          "private": "eyJlMmJmYjczMC1lY2FhLTExZTYtOGY4OC0zNDM2M2JjN2M0YzAiOnsiY3JlYXRlIjo2MDAwMDAwMDAwMDB9LCJzY2hlbWFfdmVyc2lvbiI6IjAifQ=="
        }
      ]
    },
    {
      "mode": "managed",
      "type": "aws_s3_bucket",
      "name": "ops-vw-interns-climate-perception-tweets",
      "provider": "provider.aws",
      "instances": [
        {
          "schema_version": 0,
          "attributes": {
            "acceleration_status": "",
            "acl": null,
            "arn": "arn:aws:s3:::ops-vw-interns-climate-perception-tweets",
            "bucket": "ops-vw-interns-climate-perception-tweets",
            "bucket_domain_name": "ops-vw-interns-climate-perception-tweets.s3.amazonaws.com",
            "bucket_prefix": null,
            "bucket_regional_domain_name": "ops-vw-interns-climate-perception-tweets.s3.eu-west-1.amazonaws.com",
            "cors_rule": [],
            "force_destroy": null,
            "hosted_zone_id": "Z1BKCTXD74EZPE",
            "id": "ops-vw-interns-climate-perception-tweets",
            "lifecycle_rule": [],
            "logging": [],
            "object_lock_configuration": [],
            "policy": null,
            "region": "eu-west-1",
            "replication_configuration": [],
            "request_payer": "BucketOwner",
            "server_side_encryption_configuration": [],
            "tags": {},
            "versioning": [
              {
                "enabled": false,
                "mfa_delete": false
              }
            ],
            "website": [],
            "website_domain": null,
            "website_endpoint": null
          },
          "private": "eyJzY2hlbWFfdmVyc2lvbiI6IjAifQ=="
        }
      ]
    },
    {
      "mode": "managed",
      "type": "aws_sagemaker_notebook_instance",
      "name": "Twitter-sentiment-analysis",
      "provider": "provider.aws",
      "instances": [
        {
          "schema_version": 0,
          "attributes": {
            "arn": "arn:aws:sagemaker:eu-west-1:916245739953:notebook-instance/twitter-sentiment-analysis",
            "id": "Twitter-sentiment-analysis",
            "instance_type": "ml.t2.medium",
            "kms_key_id": "",
            "lifecycle_config_name": "sm-notebook-conf",
            "name": "Twitter-sentiment-analysis",
            "role_arn": "arn:aws:iam::916245739953:role/service-role/AmazonSageMaker-ExecutionRole-20191022T143324",
            "security_groups": [],
            "subnet_id": "",
            "tags": {}
          },
          "private": "eyJzY2hlbWFfdmVyc2lvbiI6IjAifQ=="
        }
      ]
    }
  ]
}
